{
  "name": "t3code-server-nightly-nix",
  "version": "0.0.41-nightly.20260914.1707",
  "lockfileVersion": 3,
  "requires": true,
  "packages": {
    "": {
      "name": "t3code-server-nightly-nix",
      "version": "0.0.41-nightly.20260914.1707",
      "dependencies": {
        "t3": "0.0.41-nightly.20260914.1707"
      }
    },
    "node_modules/@t3code/t3-darwin-arm64": {
      "version": "0.0.41-nightly.20260914.1707",
      "resolved": "https://registry.npmjs.org/@t3code/t3-darwin-arm64/-/t3-darwin-arm64-0.0.41-nightly.20260914.1707.tgz",
      "integrity": "sha512-zT2HTTFGV6PHzyxlJbNfQCnepPgt/bIX8HLY+YU0VraHDNlqO8E12htPiQPlXPadZF4szJZuQ6Oog5/3j5xGcA==",
      "cpu": [
        "arm64"
      ],
      "license": "MIT",
      "optional": true,
      "os": [
        "darwin"
      ]
    },
    "node_modules/@t3code/t3-linux-arm64": {
      "version": "0.0.41-nightly.20260914.1707",
      "resolved": "https://registry.npmjs.org/@t3code/t3-linux-arm64/-/t3-linux-arm64-0.0.41-nightly.20260914.1707.tgz",
      "integrity": "sha512-btxcruSmPKNo57qQmBnVTz+HgrXoLsRntGw/3YDnnf5Q0Y2LXCJUdvySh+x1jiwFrf6Tzz9WCxVAyE6b4D4rlQ==",
      "cpu": [
        "arm64"
      ],
      "license": "MIT",
      "optional": true,
      "os": [
        "linux"
      ]
    },
    "node_modules/@t3code/t3-linux-x64": {
      "version": "0.0.41-nightly.20260914.1707",
      "resolved": "https://registry.npmjs.org/@t3code/t3-linux-x64/-/t3-linux-x64-0.0.41-nightly.20260914.1707.tgz",
      "integrity": "sha512-a1SwlN4W+vzKbY5oxZZ2ZIsez0lxduGEFX6lsr919Jh0N3xYlK5XRVaq1YfkYGHdM9nD0ufPcOgImhcKDSOFyg==",
      "cpu": [
        "x64"
      ],
      "license": "MIT",
      "optional": true,
      "os": [
        "linux"
      ]
    },
    "node_modules/@t3code/t3-win32-arm64": {
      "version": "0.0.41-nightly.20260914.1707",
      "resolved": "https://registry.npmjs.org/@t3code/t3-win32-arm64/-/t3-win32-arm64-0.0.41-nightly.20260914.1707.tgz",
      "integrity": "sha512-/VWfU5S+EWpAUOa9bOtM223xhAMwc9cmj88fc6TCaWy6D+DQgf85WiHyEG/6ZVXnm+FcDAv14TJre/i/sKYX7g==",
      "cpu": [
        "arm64"
      ],
      "license": "MIT",
      "optional": true,
      "os": [
        "win32"
      ]
    },
    "node_modules/@t3code/t3-win32-x64": {
      "version": "0.0.41-nightly.20260914.1707",
      "resolved": "https://registry.npmjs.org/@t3code/t3-win32-x64/-/t3-win32-x64-0.0.41-nightly.20260914.1707.tgz",
      "integrity": "sha512-lnImbEqCIhOFeqXSfVUeN7hbmO967YdWFJ4PgJNxvhyTubZbEJE+Iag61OpkR8995JRBwtrtJElBt2KQa3oQPg==",
      "cpu": [
        "x64"
      ],
      "license": "MIT",
      "optional": true,
      "os": [
        "win32"
      ]
    },
    "node_modules/t3": {
      "version": "0.0.41-nightly.20260914.1707",
      "resolved": "https://registry.npmjs.org/t3/-/t3-0.0.41-nightly.20260914.1707.tgz",
      "integrity": "sha512-qEbh3Yyyrwt9RzLNjJOdu+e8mnjMY9Uq/FpjAgDjsFtza/hnWJJi4E4ykE04kNdNfNhqyfJGOssJX5cXKM0fPQ==",
      "license": "MIT",
      "bin": {
        "t3": "bin/t3.js"
      },
      "optionalDependencies": {
        "@t3code/t3-darwin-arm64": "0.0.41-nightly.20260914.1707",
        "@t3code/t3-linux-arm64": "0.0.41-nightly.20260914.1707",
        "@t3code/t3-linux-x64": "0.0.41-nightly.20260914.1707",
        "@t3code/t3-win32-arm64": "0.0.41-nightly.20260914.1707",
        "@t3code/t3-win32-x64": "0.0.41-nightly.20260914.1707"
      }
    }
  }
}
